
Microsoft Visual Studio Solution File, Format Version 12.00
# Visual Studio Version 16
VisualStudioVersion = 16.0.30128.74
MinimumVisualStudioVersion = 10.0.40219.1
Project("{FAE04EC0-301F-11D3-BF4B-00C04F79EFBC}") = "TinyneProject", "TinyneProject\TinyneProject.csproj", "{9E32CCA6-28CF-4481-BE83-215DBEA9A590}"
EndProject
Project("{54435603-DBB4-11D2-8724-00A0C9A8B90C}") = "Setup", "Setup\Setup.vdproj", "{AF13FDCB-C053-4C44-89D0-E660DC5E9DB8}"
EndProject
Global
	GlobalSection(SolutionConfigurationPlatforms) = preSolution
		Debug|Any CPU = Debug|Any CPU
		Debug|x64 = Debug|x64
		Debug|x86 = Debug|x86
		Release|Any CPU = Release|Any CPU
		Release|x64 = Release|x64
		Release|x86 = Release|x86
	EndGlobalSection
	GlobalSection(ProjectConfigurationPlatforms) = postSolution
		{9E32CCA6-28CF-4481-BE83-215DBEA9A590}.Debug|Any CPU.ActiveCfg = Release|Any CPU
		{9E32CCA6-28CF-4481-BE83-215DBEA9A590}.Debug|Any CPU.Build.0 = Release|Any CPU
		{9E32CCA6-28CF-4481-BE83-215DBEA9A590}.Debug|x64.ActiveCfg = Debug|Any CPU
		{9E32CCA6-28CF-4481-BE83-215DBEA9A590}.Debug|x64.Build.0 = Debug|Any CPU
		{9E32CCA6-28CF-4481-BE83-215DBEA9A590}.Debug|x86.ActiveCfg = Debug|Any CPU
		{9E32CCA6-28CF-4481-BE83-215DBEA9A590}.Debug|x86.Build.0 = Debug|Any CPU
		{9E32CCA6-28CF-4481-BE83-215DBEA9A590}.Release|Any CPU.ActiveCfg = Release|Any CPU
		{9E32CCA6-28CF-4481-BE83-215DBEA9A590}.Release|Any CPU.Build.0 = Release|Any CPU
		{9E32CCA6-28CF-4481-BE83-215DBEA9A590}.Release|x64.ActiveCfg = Release|Any CPU
		{9E32CCA6-28CF-4481-BE83-215DBEA9A590}.Release|x64.Build.0 = Release|Any CPU
		{9E32CCA6-28CF-4481-BE83-215DBEA9A590}.Release|x86.ActiveCfg = Release|Any CPU
		{9E32CCA6-28CF-4481-BE83-215DBEA9A590}.Release|x86.Build.0 = Release|Any CPU
		{AF13FDCB-C053-4C44-89D0-E660DC5E9DB8}.Debug|Any CPU.ActiveCfg = Release
		{AF13FDCB-C053-4C44-89D0-E660DC5E9DB8}.Debug|x64.ActiveCfg = Debug
		{AF13FDCB-C053-4C44-89D0-E660DC5E9DB8}.Debug|x64.Build.0 = Debug
		{AF13FDCB-C053-4C44-89D0-E660DC5E9DB8}.Debug|x86.ActiveCfg = Debug
		{AF13FDCB-C053-4C44-89D0-E660DC5E9DB8}.Debug|x86.Build.0 = Debug
		{AF13FDCB-C053-4C44-89D0-E660DC5E9DB8}.Release|Any CPU.ActiveCfg = Release
		{AF13FDCB-C053-4C44-89D0-E660DC5E9DB8}.Release|Any CPU.Build.0 = Release
		{AF13FDCB-C053-4C44-89D0-E660DC5E9DB8}.Release|x64.ActiveCfg = Release
		{AF13FDCB-C053-4C44-89D0-E660DC5E9DB8}.Release|x64.Build.0 = Release
		{AF13FDCB-C053-4C44-89D0-E660DC5E9DB8}.Release|x86.ActiveCfg = Release
		{AF13FDCB-C053-4C44-89D0-E660DC5E9DB8}.Release|x86.Build.0 = Release
	EndGlobalSection
	GlobalSection(SolutionProperties) = preSolution
		HideSolutionNode = FALSE
	EndGlobalSection
	GlobalSection(ExtensibilityGlobals) = postSolution
		SolutionGuid = {34953D8F-63F9-40AE-ABB0-61BC177D9124}
	EndGlobalSection
EndGlobal
